
Microsoft Visual Studio Solution File, Format Version 12.00
# Visual Studio Version 17
VisualStudioVersion = 17.7.34221.43
MinimumVisualStudioVersion = 10.0.40219.1
Project("{FAE04EC0-301F-11D3-BF4B-00C04F79EFBC}") = "Exercicio", "Exercicio\Exercicio.csproj", "{F2018072-110E-42F7-AC9D-715F93FBEE93}"
EndProject
Global
	GlobalSection(SolutionConfigurationPlatforms) = preSolution
		Debug|Any CPU = Debug|Any CPU
		Release|Any CPU = Release|Any CPU
	EndGlobalSection
	GlobalSection(ProjectConfigurationPlatforms) = postSolution
		{F2018072-110E-42F7-AC9D-715F93FBEE93}.Debug|Any CPU.ActiveCfg = Debug|Any CPU
		{F2018072-110E-42F7-AC9D-715F93FBEE93}.Debug|Any CPU.Build.0 = Debug|Any CPU
		{F2018072-110E-42F7-AC9D-715F93FBEE93}.Release|Any CPU.ActiveCfg = Release|Any CPU
		{F2018072-110E-42F7-AC9D-715F93FBEE93}.Release|Any CPU.Build.0 = Release|Any CPU
	EndGlobalSection
	GlobalSection(SolutionProperties) = preSolution
		HideSolutionNode = FALSE
	EndGlobalSection
	GlobalSection(ExtensibilityGlobals) = postSolution
		SolutionGuid = {8BEE2C17-4DF9-47FA-A59E-BA98B048FCB0}
	EndGlobalSection
EndGlobal
